
Microsoft Visual Studio Solution File, Format Version 12.00
# Visual Studio Version 17
VisualStudioVersion = 17.11.35327.3
MinimumVisualStudioVersion = 10.0.40219.1
Project("{FAE04EC0-301F-11D3-BF4B-00C04F79EFBC}") = "TourDulich", "TourDulich\TourDulich.csproj", "{C379173F-C510-4998-8426-665042F1DB2B}"
EndProject
Global
	GlobalSection(SolutionConfigurationPlatforms) = preSolution
		Debug|Any CPU = Debug|Any CPU
		Release|Any CPU = Release|Any CPU
	EndGlobalSection
	GlobalSection(ProjectConfigurationPlatforms) = postSolution
		{C379173F-C510-4998-8426-665042F1DB2B}.Debug|Any CPU.ActiveCfg = Debug|Any CPU
		{C379173F-C510-4998-8426-665042F1DB2B}.Debug|Any CPU.Build.0 = Debug|Any CPU
		{C379173F-C510-4998-8426-665042F1DB2B}.Release|Any CPU.ActiveCfg = Release|Any CPU
		{C379173F-C510-4998-8426-665042F1DB2B}.Release|Any CPU.Build.0 = Release|Any CPU
	EndGlobalSection
	GlobalSection(SolutionProperties) = preSolution
		HideSolutionNode = FALSE
	EndGlobalSection
	GlobalSection(ExtensibilityGlobals) = postSolution
		SolutionGuid = {196B636B-8F2F-41E4-B1A1-FA03B5864E1F}
	EndGlobalSection
EndGlobal
